dependencies:
- name: gluon
  repository: oci://registry1.dso.mil/bigbang
  version: 0.9.8
- name: grafana
  repository: https://grafana.github.io/helm-charts
  version: 10.5.15
- name: bb-common
  repository: oci://registry1.dso.mil/bigbang
  version: 0.14.1
digest: sha256:e4f765511f02d5e6c8c6ad9c133f34a2a5e70f210f8d23727aa3e8da45cbba16
generated: "2026-02-27T07:23:34.930674301Z"
