dependencies:
- name: gluon
  repository: oci://registry1.dso.mil/bigbang
  version: 0.9.7
- name: grafana
  repository: https://grafana.github.io/helm-charts
  version: 10.3.1
- name: bb-common
  repository: oci://registry1.dso.mil/bigbang
  version: 0.11.3
digest: sha256:6ae052bbe89a8c2c67c500f76b3b4f2bfd9931be88d479c6b7b2283b7b26a7a0
generated: "2025-12-17T07:32:06.302956373Z"
